
Microsoft Visual Studio Solution File, Format Version 12.00
# Visual Studio Version 17
VisualStudioVersion = 17.5.33530.505
MinimumVisualStudioVersion = 10.0.40219.1
Project("{FAE04EC0-301F-11D3-BF4B-00C04F79EFBC}") = "TrafficApp", "TrafficApp\TrafficApp.csproj", "{68CDE176-A9A8-45B2-B3DD-2F189BD9FE0F}"
EndProject
Global
	GlobalSection(SolutionConfigurationPlatforms) = preSolution
		Debug|Any CPU = Debug|Any CPU
		Release|Any CPU = Release|Any CPU
	EndGlobalSection
	GlobalSection(ProjectConfigurationPlatforms) = postSolution
		{68CDE176-A9A8-45B2-B3DD-2F189BD9FE0F}.Debug|Any CPU.ActiveCfg = Debug|Any CPU
		{68CDE176-A9A8-45B2-B3DD-2F189BD9FE0F}.Debug|Any CPU.Build.0 = Debug|Any CPU
		{68CDE176-A9A8-45B2-B3DD-2F189BD9FE0F}.Release|Any CPU.ActiveCfg = Release|Any CPU
		{68CDE176-A9A8-45B2-B3DD-2F189BD9FE0F}.Release|Any CPU.Build.0 = Release|Any CPU
	EndGlobalSection
	GlobalSection(SolutionProperties) = preSolution
		HideSolutionNode = FALSE
	EndGlobalSection
	GlobalSection(ExtensibilityGlobals) = postSolution
		SolutionGuid = {6897D8F7-282F-4AB1-94DF-B2442AFC6E4C}
	EndGlobalSection
EndGlobal
