
Microsoft Visual Studio Solution File, Format Version 12.00
# Visual Studio Version 17
VisualStudioVersion = 17.5.33424.131
MinimumVisualStudioVersion = 10.0.40219.1
Project("{9A19103F-16F7-4668-BE54-9A1E7A4F7556}") = "LibraryApp", "LibraryApp\LibraryApp.csproj", "{23731C3A-0772-4AFC-9620-D109AD2D1F07}"
EndProject
Project("{FAE04EC0-301F-11D3-BF4B-00C04F79EFBC}") = "LibraryLogic", "LibraryLogic\LibraryLogic.csproj", "{98B80D96-3971-4DE0-9264-E9BFFAB2AFA5}"
EndProject
Global
	GlobalSection(SolutionConfigurationPlatforms) = preSolution
		Debug|Any CPU = Debug|Any CPU
		Release|Any CPU = Release|Any CPU
	EndGlobalSection
	GlobalSection(ProjectConfigurationPlatforms) = postSolution
		{23731C3A-0772-4AFC-9620-D109AD2D1F07}.Debug|Any CPU.ActiveCfg = Debug|Any CPU
		{23731C3A-0772-4AFC-9620-D109AD2D1F07}.Debug|Any CPU.Build.0 = Debug|Any CPU
		{23731C3A-0772-4AFC-9620-D109AD2D1F07}.Release|Any CPU.ActiveCfg = Release|Any CPU
		{23731C3A-0772-4AFC-9620-D109AD2D1F07}.Release|Any CPU.Build.0 = Release|Any CPU
		{98B80D96-3971-4DE0-9264-E9BFFAB2AFA5}.Debug|Any CPU.ActiveCfg = Debug|Any CPU
		{98B80D96-3971-4DE0-9264-E9BFFAB2AFA5}.Debug|Any CPU.Build.0 = Debug|Any CPU
		{98B80D96-3971-4DE0-9264-E9BFFAB2AFA5}.Release|Any CPU.ActiveCfg = Release|Any CPU
		{98B80D96-3971-4DE0-9264-E9BFFAB2AFA5}.Release|Any CPU.Build.0 = Release|Any CPU
	EndGlobalSection
	GlobalSection(SolutionProperties) = preSolution
		HideSolutionNode = FALSE
	EndGlobalSection
	GlobalSection(ExtensibilityGlobals) = postSolution
		SolutionGuid = {0137C4FA-60F4-4496-8714-3DAF6AA35A40}
	EndGlobalSection
EndGlobal
